{
  "version": 4,
  "terraform_version": "1.13.2",
  "serial": 1,
  "lineage": "8cc24b2c-28c0-e0c3-9bd4-8a77c8bd4441",
  "outputs": {},
  "resources": [
    {
      "mode": "managed",
      "type": "azurerm_arc_kubernetes_flux_configuration",
      "name": "app_config",
      "provider": "provider[\"registry.terraform.io/hashicorp/azurerm\"]",
      "instances": [
        {
          "schema_version": 0,
          "attributes": {
            "blob_storage": [],
            "bucket": [],
            "cluster_id": "/subscriptions/b6427e39-73ed-4b61-a163-9adf7a231147/resourceGroups/defaultresourcegroup-cq/providers/Microsoft.Kubernetes/connectedClusters/SoatChallengeAKS",
            "continuous_reconciliation_enabled": true,
            "git_repository": [
              {
                "https_ca_cert_base64": "",
                "https_key_base64": "",
                "https_user": "",
                "local_auth_reference": "",
                "reference_type": "branch",
                "reference_value": "main",
                "ssh_known_hosts_base64": "",
                "ssh_private_key_base64": "",
                "sync_interval_in_seconds": 600,
                "timeout_in_seconds": 600,
                "url": "git@github.com:Silveira-R-Lucas/soat-challenge-infra-k8s.git"
              }
            ],
            "id": "/subscriptions/b6427e39-73ed-4b61-a163-9adf7a231147/resourceGroups/defaultresourcegroup-cq/providers/Microsoft.Kubernetes/connectedClusters/SoatChallengeAKS/providers/Microsoft.KubernetesConfiguration/fluxConfigurations/soat-app-config",
            "kustomizations": [
              {
                "depends_on": [],
                "garbage_collection_enabled": false,
                "name": "rails-app",
                "path": "./apps",
                "recreating_enabled": false,
                "retry_interval_in_seconds": 600,
                "sync_interval_in_seconds": 300,
                "timeout_in_seconds": 600
              }
            ],
            "name": "soat-app-config",
            "namespace": "flux-system",
            "scope": "cluster",
            "timeouts": null
          },
          "sensitive_attributes": [
            [
              {
                "type": "get_attr",
                "value": "git_repository"
              },
              {
                "type": "index",
                "value": {
                  "value": 0,
                  "type": "number"
                }
              },
              {
                "type": "get_attr",
                "value": "https_ca_cert_base64"
              }
            ],
            [
              {
                "type": "get_attr",
                "value": "git_repository"
              },
              {
                "type": "index",
                "value": {
                  "value": 0,
                  "type": "number"
                }
              },
              {
                "type": "get_attr",
                "value": "https_key_base64"
              }
            ],
            [
              {
                "type": "get_attr",
                "value": "git_repository"
              },
              {
                "type": "index",
                "value": {
                  "value": 0,
                  "type": "number"
                }
              },
              {
                "type": "get_attr",
                "value": "ssh_private_key_base64"
              }
            ]
          ],
          "identity_schema_version": 0,
          "private": "eyJlMmJmYjczMC1lY2FhLTExZTYtOGY4OC0zNDM2M2JjN2M0YzAiOnsiY3JlYXRlIjoxODAwMDAwMDAwMDAwLCJkZWxldGUiOjE4MDAwMDAwMDAwMDAsInJlYWQiOjMwMDAwMDAwMDAwMCwidXBkYXRlIjoxODAwMDAwMDAwMDAwfSwic2NoZW1hX3ZlcnNpb24iOiIwIn0="
        }
      ]
    }
  ],
  "check_results": null
}
